
Microsoft Visual Studio Solution File, Format Version 12.00
# Visual Studio Version 17
VisualStudioVersion = 17.8.34330.188
MinimumVisualStudioVersion = 10.0.40219.1
Project("{FAE04EC0-301F-11D3-BF4B-00C04F79EFBC}") = "BasicWebServer", "BasicWebServer.csproj", "{EB4FD5B8-6AB3-4779-9600-90EE35E4E67D}"
EndProject
Global
	GlobalSection(SolutionConfigurationPlatforms) = preSolution
		Debug|Any CPU = Debug|Any CPU
		Release|Any CPU = Release|Any CPU
	EndGlobalSection
	GlobalSection(ProjectConfigurationPlatforms) = postSolution
		{EB4FD5B8-6AB3-4779-9600-90EE35E4E67D}.Debug|Any CPU.ActiveCfg = Debug|Any CPU
		{EB4FD5B8-6AB3-4779-9600-90EE35E4E67D}.Debug|Any CPU.Build.0 = Debug|Any CPU
		{EB4FD5B8-6AB3-4779-9600-90EE35E4E67D}.Release|Any CPU.ActiveCfg = Release|Any CPU
		{EB4FD5B8-6AB3-4779-9600-90EE35E4E67D}.Release|Any CPU.Build.0 = Release|Any CPU
	EndGlobalSection
	GlobalSection(SolutionProperties) = preSolution
		HideSolutionNode = FALSE
	EndGlobalSection
	GlobalSection(ExtensibilityGlobals) = postSolution
		SolutionGuid = {752B033D-9076-4F12-BFC3-240D2E7C1ADC}
	EndGlobalSection
EndGlobal
